
Microsoft Visual Studio Solution File, Format Version 12.00
# Visual Studio Version 17
VisualStudioVersion = 17.0.31912.275
MinimumVisualStudioVersion = 10.0.40219.1
Project("{9A19103F-16F7-4668-BE54-9A1E7A4F7556}") = "ConvertLearnToDoc", "src\ConvertLearnToDoc.csproj", "{13787258-BA5C-4104-83FE-DEC2F633E85E}"
EndProject
Project("{9A19103F-16F7-4668-BE54-9A1E7A4F7556}") = "LearnDocUtils", "LearnDocUtils\LearnDocUtils.csproj", "{448F0B25-0590-4626-B96F-0F8478403DE7}"
EndProject
Project("{9A19103F-16F7-4668-BE54-9A1E7A4F7556}") = "ConvertLearnToDocWeb", "ConvertLearnToDocWeb\ConvertLearnToDocWeb.csproj", "{C29D0F25-BBDB-4B00-BFFC-7EC8579C148A}"
EndProject
Project("{9A19103F-16F7-4668-BE54-9A1E7A4F7556}") = "Markdig.Renderer.Docx", "Markdig.Renderer.Docx\Markdig.Renderer.Docx.csproj", "{911F9FB9-3308-476F-BA71-E3A1BD63715D}"
EndProject
Global
	GlobalSection(SolutionConfigurationPlatforms) = preSolution
		Debug|Any CPU = Debug|Any CPU
		Release|Any CPU = Release|Any CPU
	EndGlobalSection
	GlobalSection(ProjectConfigurationPlatforms) = postSolution
		{13787258-BA5C-4104-83FE-DEC2F633E85E}.Debug|Any CPU.ActiveCfg = Debug|Any CPU
		{13787258-BA5C-4104-83FE-DEC2F633E85E}.Debug|Any CPU.Build.0 = Debug|Any CPU
		{13787258-BA5C-4104-83FE-DEC2F633E85E}.Release|Any CPU.ActiveCfg = Release|Any CPU
		{13787258-BA5C-4104-83FE-DEC2F633E85E}.Release|Any CPU.Build.0 = Release|Any CPU
		{448F0B25-0590-4626-B96F-0F8478403DE7}.Debug|Any CPU.ActiveCfg = Debug|Any CPU
		{448F0B25-0590-4626-B96F-0F8478403DE7}.Debug|Any CPU.Build.0 = Debug|Any CPU
		{448F0B25-0590-4626-B96F-0F8478403DE7}.Release|Any CPU.ActiveCfg = Release|Any CPU
		{448F0B25-0590-4626-B96F-0F8478403DE7}.Release|Any CPU.Build.0 = Release|Any CPU
		{C29D0F25-BBDB-4B00-BFFC-7EC8579C148A}.Debug|Any CPU.ActiveCfg = Debug|Any CPU
		{C29D0F25-BBDB-4B00-BFFC-7EC8579C148A}.Debug|Any CPU.Build.0 = Debug|Any CPU
		{C29D0F25-BBDB-4B00-BFFC-7EC8579C148A}.Release|Any CPU.ActiveCfg = Release|Any CPU
		{C29D0F25-BBDB-4B00-BFFC-7EC8579C148A}.Release|Any CPU.Build.0 = Release|Any CPU
		{911F9FB9-3308-476F-BA71-E3A1BD63715D}.Debug|Any CPU.ActiveCfg = Debug|Any CPU
		{911F9FB9-3308-476F-BA71-E3A1BD63715D}.Debug|Any CPU.Build.0 = Debug|Any CPU
		{911F9FB9-3308-476F-BA71-E3A1BD63715D}.Release|Any CPU.ActiveCfg = Release|Any CPU
		{911F9FB9-3308-476F-BA71-E3A1BD63715D}.Release|Any CPU.Build.0 = Release|Any CPU
	EndGlobalSection
	GlobalSection(SolutionProperties) = preSolution
		HideSolutionNode = FALSE
	EndGlobalSection
	GlobalSection(ExtensibilityGlobals) = postSolution
		SolutionGuid = {6BABCC68-20CA-4717-9E38-F209B49935BD}
	EndGlobalSection
EndGlobal
