
Microsoft Visual Studio Solution File, Format Version 12.00
# Visual Studio Version 17
VisualStudioVersion = 17.0.31912.275
MinimumVisualStudioVersion = 10.0.40219.1
Project("{9A19103F-16F7-4668-BE54-9A1E7A4F7556}") = "ConvertLearnToDoc", "src\ConvertLearnToDoc.csproj", "{13787258-BA5C-4104-83FE-DEC2F633E85E}"
EndProject
Project("{9A19103F-16F7-4668-BE54-9A1E7A4F7556}") = "LearnDocUtils", "LearnDocUtils\LearnDocUtils.csproj", "{448F0B25-0590-4626-B96F-0F8478403DE7}"
EndProject
Project("{9A19103F-16F7-4668-BE54-9A1E7A4F7556}") = "ConvertLearnToDocWeb", "ConvertLearnToDocWeb\ConvertLearnToDocWeb.csproj", "{C29D0F25-BBDB-4B00-BFFC-7EC8579C148A}"
EndProject
Project("{9A19103F-16F7-4668-BE54-9A1E7A4F7556}") = "Markdig.Renderer.Docx", "Markdig.Renderer.Docx\Markdig.Renderer.Docx.csproj", "{911F9FB9-3308-476F-BA71-E3A1BD63715D}"
EndProject
Project("{9A19103F-16F7-4668-BE54-9A1E7A4F7556}") = "Docx.Renderer.Markdown", "Docx.Renderer.Markdown\Docx.Renderer.Markdown.csproj", "{57AB7888-5053-481F-B2E6-0C81BAB7FBF8}"
EndProject
Project("{9A19103F-16F7-4668-BE54-9A1E7A4F7556}") = "GenMarkdown.DocFx.Extensions", "GenMarkdown.DocFx.Extensions\GenMarkdown.DocFx.Extensions.csproj", "{9F293264-0EB2-4E23-8959-08728359DEDE}"
EndProject
Project("{9A19103F-16F7-4668-BE54-9A1E7A4F7556}") = "GrabAllLearnModules", "GrabAllLearnModules\GrabAllLearnModules.csproj", "{CED2B88D-1CAC-4D28-B1A4-CB2FBD7AACBF}"
EndProject
Project("{2150E333-8FDC-42A3-9474-1A3956D46DE8}") = "Tools", "Tools", "{217F168B-D681-4A01-AA3D-752EE599C31B}"
EndProject
Project("{2150E333-8FDC-42A3-9474-1A3956D46DE8}") = "Libraries", "Libraries", "{9B073F88-A4B3-4F0C-B27A-EE265C12DFD2}"
EndProject
Project("{9A19103F-16F7-4668-BE54-9A1E7A4F7556}") = "ConvertLearnToDoc.AzureFunctions", "ConvertLearnToDoc.AzureFunctions\ConvertLearnToDoc.AzureFunctions.csproj", "{E0A9B2B6-3495-4CB8-BA42-3AC628E375D4}"
EndProject
Project("{9A19103F-16F7-4668-BE54-9A1E7A4F7556}") = "CompareFiles", "CompareFiles\CompareFiles.csproj", "{F1C64FD2-5F2C-4508-9586-132E1A0374A7}"
EndProject
Project("{9A19103F-16F7-4668-BE54-9A1E7A4F7556}") = "ConvertLearnToDoc.Tests.Int", "Tests\ConvertLearnToDoc.Tests.Int\ConvertLearnToDoc.Tests.Int.csproj", "{349C96D2-7E7F-4788-B7F6-C67C035BFF1A}"
EndProject
Project("{2150E333-8FDC-42A3-9474-1A3956D46DE8}") = "Tests", "Tests", "{764304F6-2D73-4E5F-B341-9A2B132F98A7}"
EndProject
Global
	GlobalSection(SolutionConfigurationPlatforms) = preSolution
		Debug|Any CPU = Debug|Any CPU
		Release|Any CPU = Release|Any CPU
	EndGlobalSection
	GlobalSection(ProjectConfigurationPlatforms) = postSolution
		{13787258-BA5C-4104-83FE-DEC2F633E85E}.Debug|Any CPU.ActiveCfg = Debug|Any CPU
		{13787258-BA5C-4104-83FE-DEC2F633E85E}.Debug|Any CPU.Build.0 = Debug|Any CPU
		{13787258-BA5C-4104-83FE-DEC2F633E85E}.Release|Any CPU.ActiveCfg = Release|Any CPU
		{13787258-BA5C-4104-83FE-DEC2F633E85E}.Release|Any CPU.Build.0 = Release|Any CPU
		{448F0B25-0590-4626-B96F-0F8478403DE7}.Debug|Any CPU.ActiveCfg = Debug|Any CPU
		{448F0B25-0590-4626-B96F-0F8478403DE7}.Debug|Any CPU.Build.0 = Debug|Any CPU
		{448F0B25-0590-4626-B96F-0F8478403DE7}.Release|Any CPU.ActiveCfg = Release|Any CPU
		{448F0B25-0590-4626-B96F-0F8478403DE7}.Release|Any CPU.Build.0 = Release|Any CPU
		{C29D0F25-BBDB-4B00-BFFC-7EC8579C148A}.Debug|Any CPU.ActiveCfg = Debug|Any CPU
		{C29D0F25-BBDB-4B00-BFFC-7EC8579C148A}.Debug|Any CPU.Build.0 = Debug|Any CPU
		{C29D0F25-BBDB-4B00-BFFC-7EC8579C148A}.Release|Any CPU.ActiveCfg = Release|Any CPU
		{C29D0F25-BBDB-4B00-BFFC-7EC8579C148A}.Release|Any CPU.Build.0 = Release|Any CPU
		{911F9FB9-3308-476F-BA71-E3A1BD63715D}.Debug|Any CPU.ActiveCfg = Debug|Any CPU
		{911F9FB9-3308-476F-BA71-E3A1BD63715D}.Debug|Any CPU.Build.0 = Debug|Any CPU
		{911F9FB9-3308-476F-BA71-E3A1BD63715D}.Release|Any CPU.ActiveCfg = Release|Any CPU
		{911F9FB9-3308-476F-BA71-E3A1BD63715D}.Release|Any CPU.Build.0 = Release|Any CPU
		{57AB7888-5053-481F-B2E6-0C81BAB7FBF8}.Debug|Any CPU.ActiveCfg = Debug|Any CPU
		{57AB7888-5053-481F-B2E6-0C81BAB7FBF8}.Debug|Any CPU.Build.0 = Debug|Any CPU
		{57AB7888-5053-481F-B2E6-0C81BAB7FBF8}.Release|Any CPU.ActiveCfg = Release|Any CPU
		{57AB7888-5053-481F-B2E6-0C81BAB7FBF8}.Release|Any CPU.Build.0 = Release|Any CPU
		{9F293264-0EB2-4E23-8959-08728359DEDE}.Debug|Any CPU.ActiveCfg = Debug|Any CPU
		{9F293264-0EB2-4E23-8959-08728359DEDE}.Debug|Any CPU.Build.0 = Debug|Any CPU
		{9F293264-0EB2-4E23-8959-08728359DEDE}.Release|Any CPU.ActiveCfg = Release|Any CPU
		{9F293264-0EB2-4E23-8959-08728359DEDE}.Release|Any CPU.Build.0 = Release|Any CPU
		{CED2B88D-1CAC-4D28-B1A4-CB2FBD7AACBF}.Debug|Any CPU.ActiveCfg = Debug|Any CPU
		{CED2B88D-1CAC-4D28-B1A4-CB2FBD7AACBF}.Debug|Any CPU.Build.0 = Debug|Any CPU
		{CED2B88D-1CAC-4D28-B1A4-CB2FBD7AACBF}.Release|Any CPU.ActiveCfg = Release|Any CPU
		{CED2B88D-1CAC-4D28-B1A4-CB2FBD7AACBF}.Release|Any CPU.Build.0 = Release|Any CPU
		{E0A9B2B6-3495-4CB8-BA42-3AC628E375D4}.Debug|Any CPU.ActiveCfg = Debug|Any CPU
		{E0A9B2B6-3495-4CB8-BA42-3AC628E375D4}.Debug|Any CPU.Build.0 = Debug|Any CPU
		{E0A9B2B6-3495-4CB8-BA42-3AC628E375D4}.Release|Any CPU.ActiveCfg = Release|Any CPU
		{E0A9B2B6-3495-4CB8-BA42-3AC628E375D4}.Release|Any CPU.Build.0 = Release|Any CPU
		{F1C64FD2-5F2C-4508-9586-132E1A0374A7}.Debug|Any CPU.ActiveCfg = Debug|Any CPU
		{F1C64FD2-5F2C-4508-9586-132E1A0374A7}.Debug|Any CPU.Build.0 = Debug|Any CPU
		{F1C64FD2-5F2C-4508-9586-132E1A0374A7}.Release|Any CPU.ActiveCfg = Release|Any CPU
		{F1C64FD2-5F2C-4508-9586-132E1A0374A7}.Release|Any CPU.Build.0 = Release|Any CPU
		{349C96D2-7E7F-4788-B7F6-C67C035BFF1A}.Debug|Any CPU.ActiveCfg = Debug|Any CPU
		{349C96D2-7E7F-4788-B7F6-C67C035BFF1A}.Debug|Any CPU.Build.0 = Debug|Any CPU
		{349C96D2-7E7F-4788-B7F6-C67C035BFF1A}.Release|Any CPU.ActiveCfg = Release|Any CPU
		{349C96D2-7E7F-4788-B7F6-C67C035BFF1A}.Release|Any CPU.Build.0 = Release|Any CPU
	EndGlobalSection
	GlobalSection(SolutionProperties) = preSolution
		HideSolutionNode = FALSE
	EndGlobalSection
	GlobalSection(NestedProjects) = preSolution
		{13787258-BA5C-4104-83FE-DEC2F633E85E} = {217F168B-D681-4A01-AA3D-752EE599C31B}
		{448F0B25-0590-4626-B96F-0F8478403DE7} = {9B073F88-A4B3-4F0C-B27A-EE265C12DFD2}
		{911F9FB9-3308-476F-BA71-E3A1BD63715D} = {9B073F88-A4B3-4F0C-B27A-EE265C12DFD2}
		{57AB7888-5053-481F-B2E6-0C81BAB7FBF8} = {9B073F88-A4B3-4F0C-B27A-EE265C12DFD2}
		{9F293264-0EB2-4E23-8959-08728359DEDE} = {9B073F88-A4B3-4F0C-B27A-EE265C12DFD2}
		{CED2B88D-1CAC-4D28-B1A4-CB2FBD7AACBF} = {217F168B-D681-4A01-AA3D-752EE599C31B}
		{F1C64FD2-5F2C-4508-9586-132E1A0374A7} = {217F168B-D681-4A01-AA3D-752EE599C31B}
		{349C96D2-7E7F-4788-B7F6-C67C035BFF1A} = {764304F6-2D73-4E5F-B341-9A2B132F98A7}
	EndGlobalSection
	GlobalSection(ExtensibilityGlobals) = postSolution
		SolutionGuid = {6BABCC68-20CA-4717-9E38-F209B49935BD}
	EndGlobalSection
EndGlobal
