
Microsoft Visual Studio Solution File, Format Version 12.00
# Visual Studio Version 17
VisualStudioVersion = 17.7.34031.279
MinimumVisualStudioVersion = 10.0.40219.1
Project("{9A19103F-16F7-4668-BE54-9A1E7A4F7556}") = "ConvertLearnToDoc", "src\ConvertLearnToDoc\ConvertLearnToDoc.csproj", "{BDFEAE9B-491F-4904-9816-21CAA4BD0D20}"
EndProject
Project("{9A19103F-16F7-4668-BE54-9A1E7A4F7556}") = "LearnDocUtils", "lib\LearnDocUtils\LearnDocUtils.csproj", "{38B1419F-82F2-44B6-A73D-70DCD43FC6D5}"
EndProject
Project("{9A19103F-16F7-4668-BE54-9A1E7A4F7556}") = "ConvertLearnToDoc.Shared", "lib\ConvertLearnToDoc.Shared\ConvertLearnToDoc.Shared.csproj", "{34782ECA-2775-46C2-8872-F03A8E862FB6}"
EndProject
Project("{2150E333-8FDC-42A3-9474-1A3956D46DE8}") = "Lib", "Lib", "{B4D9033F-462E-431E-8689-2CFE05D2B7D2}"
EndProject
Project("{9A19103F-16F7-4668-BE54-9A1E7A4F7556}") = "Docx.Renderer.Markdown", "lib\Docx.Renderer.Markdown\Docx.Renderer.Markdown.csproj", "{6EBEE892-DA71-4382-9170-DB753ED0F15C}"
EndProject
Project("{9A19103F-16F7-4668-BE54-9A1E7A4F7556}") = "GenMarkdown.DocFx.Extensions", "lib\GenMarkdown.DocFx.Extensions\GenMarkdown.DocFx.Extensions.csproj", "{B4495547-27D6-4D39-8C91-E1AAC53B9899}"
EndProject
Project("{9A19103F-16F7-4668-BE54-9A1E7A4F7556}") = "Markdig.Renderer.Docx", "lib\Markdig.Renderer.Docx\Markdig.Renderer.Docx.csproj", "{3D7868C8-8814-4EE1-8A5B-A542D8596B47}"
EndProject
Project("{2150E333-8FDC-42A3-9474-1A3956D46DE8}") = "Tools", "Tools", "{FFACD0C8-6379-40BD-AE9D-4FF7F31950F1}"
EndProject
Project("{9A19103F-16F7-4668-BE54-9A1E7A4F7556}") = "ConvertDocx", "src\ConvertDocx\ConvertDocx.csproj", "{D70DB996-7BF6-4AD2-A1F7-970648FA72CD}"
EndProject
Project("{FAE04EC0-301F-11D3-BF4B-00C04F79EFBC}") = "DocsToMarkdown", "lib\DocsToMarkdown\DocsToMarkdown.csproj", "{0A28E87F-16CF-43DB-942D-39386FA0D83B}"
EndProject
Project("{2150E333-8FDC-42A3-9474-1A3956D46DE8}") = "Tests", "Tests", "{BC1C3BC8-AE94-4414-8EEB-7FE8BFE3AC87}"
EndProject
Project("{FAE04EC0-301F-11D3-BF4B-00C04F79EFBC}") = "ConvertLearnToDoc.UnitTests", "Tests\ConvertLearnToDoc.UnitTests\ConvertLearnToDoc.UnitTests.csproj", "{D94C3204-ACDF-489A-88BB-A4B203C504F8}"
EndProject
Project("{FAE04EC0-301F-11D3-BF4B-00C04F79EFBC}") = "ConvertLearnToDoc.Tests.Int", "Tests\ConvertLearnToDoc.Tests.Int\ConvertLearnToDoc.Tests.Int.csproj", "{F6D0947C-C246-46BC-8245-CFC3E305D47F}"
EndProject
Project("{FAE04EC0-301F-11D3-BF4B-00C04F79EFBC}") = "CompareAll", "Tests\CompareAll\CompareAll.csproj", "{2259B42A-7EF0-4084-AEF4-F80F94A68B51}"
EndProject
Project("{FAE04EC0-301F-11D3-BF4B-00C04F79EFBC}") = "FileComparisonLib", "lib\FileComparisonLib\FileComparisonLib.csproj", "{8F67D816-E783-438F-80F8-604D158A59D2}"
EndProject
Global
	GlobalSection(SolutionConfigurationPlatforms) = preSolution
		Debug|Any CPU = Debug|Any CPU
		Release|Any CPU = Release|Any CPU
	EndGlobalSection
	GlobalSection(ProjectConfigurationPlatforms) = postSolution
		{BDFEAE9B-491F-4904-9816-21CAA4BD0D20}.Debug|Any CPU.ActiveCfg = Debug|Any CPU
		{BDFEAE9B-491F-4904-9816-21CAA4BD0D20}.Debug|Any CPU.Build.0 = Debug|Any CPU
		{BDFEAE9B-491F-4904-9816-21CAA4BD0D20}.Release|Any CPU.ActiveCfg = Release|Any CPU
		{BDFEAE9B-491F-4904-9816-21CAA4BD0D20}.Release|Any CPU.Build.0 = Release|Any CPU
		{38B1419F-82F2-44B6-A73D-70DCD43FC6D5}.Debug|Any CPU.ActiveCfg = Debug|Any CPU
		{38B1419F-82F2-44B6-A73D-70DCD43FC6D5}.Debug|Any CPU.Build.0 = Debug|Any CPU
		{38B1419F-82F2-44B6-A73D-70DCD43FC6D5}.Release|Any CPU.ActiveCfg = Release|Any CPU
		{38B1419F-82F2-44B6-A73D-70DCD43FC6D5}.Release|Any CPU.Build.0 = Release|Any CPU
		{34782ECA-2775-46C2-8872-F03A8E862FB6}.Debug|Any CPU.ActiveCfg = Debug|Any CPU
		{34782ECA-2775-46C2-8872-F03A8E862FB6}.Debug|Any CPU.Build.0 = Debug|Any CPU
		{34782ECA-2775-46C2-8872-F03A8E862FB6}.Release|Any CPU.ActiveCfg = Release|Any CPU
		{34782ECA-2775-46C2-8872-F03A8E862FB6}.Release|Any CPU.Build.0 = Release|Any CPU
		{6EBEE892-DA71-4382-9170-DB753ED0F15C}.Debug|Any CPU.ActiveCfg = Debug|Any CPU
		{6EBEE892-DA71-4382-9170-DB753ED0F15C}.Debug|Any CPU.Build.0 = Debug|Any CPU
		{6EBEE892-DA71-4382-9170-DB753ED0F15C}.Release|Any CPU.ActiveCfg = Release|Any CPU
		{6EBEE892-DA71-4382-9170-DB753ED0F15C}.Release|Any CPU.Build.0 = Release|Any CPU
		{B4495547-27D6-4D39-8C91-E1AAC53B9899}.Debug|Any CPU.ActiveCfg = Debug|Any CPU
		{B4495547-27D6-4D39-8C91-E1AAC53B9899}.Debug|Any CPU.Build.0 = Debug|Any CPU
		{B4495547-27D6-4D39-8C91-E1AAC53B9899}.Release|Any CPU.ActiveCfg = Release|Any CPU
		{B4495547-27D6-4D39-8C91-E1AAC53B9899}.Release|Any CPU.Build.0 = Release|Any CPU
		{3D7868C8-8814-4EE1-8A5B-A542D8596B47}.Debug|Any CPU.ActiveCfg = Debug|Any CPU
		{3D7868C8-8814-4EE1-8A5B-A542D8596B47}.Debug|Any CPU.Build.0 = Debug|Any CPU
		{3D7868C8-8814-4EE1-8A5B-A542D8596B47}.Release|Any CPU.ActiveCfg = Release|Any CPU
		{3D7868C8-8814-4EE1-8A5B-A542D8596B47}.Release|Any CPU.Build.0 = Release|Any CPU
		{D70DB996-7BF6-4AD2-A1F7-970648FA72CD}.Debug|Any CPU.ActiveCfg = Debug|Any CPU
		{D70DB996-7BF6-4AD2-A1F7-970648FA72CD}.Debug|Any CPU.Build.0 = Debug|Any CPU
		{D70DB996-7BF6-4AD2-A1F7-970648FA72CD}.Release|Any CPU.ActiveCfg = Release|Any CPU
		{D70DB996-7BF6-4AD2-A1F7-970648FA72CD}.Release|Any CPU.Build.0 = Release|Any CPU
		{0A28E87F-16CF-43DB-942D-39386FA0D83B}.Debug|Any CPU.ActiveCfg = Debug|Any CPU
		{0A28E87F-16CF-43DB-942D-39386FA0D83B}.Debug|Any CPU.Build.0 = Debug|Any CPU
		{0A28E87F-16CF-43DB-942D-39386FA0D83B}.Release|Any CPU.ActiveCfg = Release|Any CPU
		{0A28E87F-16CF-43DB-942D-39386FA0D83B}.Release|Any CPU.Build.0 = Release|Any CPU
		{D94C3204-ACDF-489A-88BB-A4B203C504F8}.Debug|Any CPU.ActiveCfg = Debug|Any CPU
		{D94C3204-ACDF-489A-88BB-A4B203C504F8}.Debug|Any CPU.Build.0 = Debug|Any CPU
		{D94C3204-ACDF-489A-88BB-A4B203C504F8}.Release|Any CPU.ActiveCfg = Release|Any CPU
		{D94C3204-ACDF-489A-88BB-A4B203C504F8}.Release|Any CPU.Build.0 = Release|Any CPU
		{F6D0947C-C246-46BC-8245-CFC3E305D47F}.Debug|Any CPU.ActiveCfg = Debug|Any CPU
		{F6D0947C-C246-46BC-8245-CFC3E305D47F}.Debug|Any CPU.Build.0 = Debug|Any CPU
		{F6D0947C-C246-46BC-8245-CFC3E305D47F}.Release|Any CPU.ActiveCfg = Release|Any CPU
		{F6D0947C-C246-46BC-8245-CFC3E305D47F}.Release|Any CPU.Build.0 = Release|Any CPU
		{2259B42A-7EF0-4084-AEF4-F80F94A68B51}.Debug|Any CPU.ActiveCfg = Debug|Any CPU
		{2259B42A-7EF0-4084-AEF4-F80F94A68B51}.Debug|Any CPU.Build.0 = Debug|Any CPU
		{2259B42A-7EF0-4084-AEF4-F80F94A68B51}.Release|Any CPU.ActiveCfg = Release|Any CPU
		{2259B42A-7EF0-4084-AEF4-F80F94A68B51}.Release|Any CPU.Build.0 = Release|Any CPU
		{8F67D816-E783-438F-80F8-604D158A59D2}.Debug|Any CPU.ActiveCfg = Debug|Any CPU
		{8F67D816-E783-438F-80F8-604D158A59D2}.Debug|Any CPU.Build.0 = Debug|Any CPU
		{8F67D816-E783-438F-80F8-604D158A59D2}.Release|Any CPU.ActiveCfg = Release|Any CPU
		{8F67D816-E783-438F-80F8-604D158A59D2}.Release|Any CPU.Build.0 = Release|Any CPU
	EndGlobalSection
	GlobalSection(SolutionProperties) = preSolution
		HideSolutionNode = FALSE
	EndGlobalSection
	GlobalSection(NestedProjects) = preSolution
		{38B1419F-82F2-44B6-A73D-70DCD43FC6D5} = {B4D9033F-462E-431E-8689-2CFE05D2B7D2}
		{34782ECA-2775-46C2-8872-F03A8E862FB6} = {B4D9033F-462E-431E-8689-2CFE05D2B7D2}
		{6EBEE892-DA71-4382-9170-DB753ED0F15C} = {B4D9033F-462E-431E-8689-2CFE05D2B7D2}
		{B4495547-27D6-4D39-8C91-E1AAC53B9899} = {B4D9033F-462E-431E-8689-2CFE05D2B7D2}
		{3D7868C8-8814-4EE1-8A5B-A542D8596B47} = {B4D9033F-462E-431E-8689-2CFE05D2B7D2}
		{D70DB996-7BF6-4AD2-A1F7-970648FA72CD} = {FFACD0C8-6379-40BD-AE9D-4FF7F31950F1}
		{0A28E87F-16CF-43DB-942D-39386FA0D83B} = {B4D9033F-462E-431E-8689-2CFE05D2B7D2}
		{D94C3204-ACDF-489A-88BB-A4B203C504F8} = {BC1C3BC8-AE94-4414-8EEB-7FE8BFE3AC87}
		{F6D0947C-C246-46BC-8245-CFC3E305D47F} = {BC1C3BC8-AE94-4414-8EEB-7FE8BFE3AC87}
		{2259B42A-7EF0-4084-AEF4-F80F94A68B51} = {FFACD0C8-6379-40BD-AE9D-4FF7F31950F1}
		{8F67D816-E783-438F-80F8-604D158A59D2} = {B4D9033F-462E-431E-8689-2CFE05D2B7D2}
	EndGlobalSection
	GlobalSection(ExtensibilityGlobals) = postSolution
		SolutionGuid = {A26BF863-A2E9-437E-86D6-BA6A21CD5A49}
	EndGlobalSection
EndGlobal
