
Microsoft Visual Studio Solution File, Format Version 12.00
# Visual Studio Version 17
VisualStudioVersion = 17.0.31912.275
MinimumVisualStudioVersion = 10.0.40219.1
Project("{9A19103F-16F7-4668-BE54-9A1E7A4F7556}") = "LearnDocUtils", "..\lib\LearnDocUtils\LearnDocUtils.csproj", "{448F0B25-0590-4626-B96F-0F8478403DE7}"
EndProject
Project("{9A19103F-16F7-4668-BE54-9A1E7A4F7556}") = "ConvertLearnToDocWeb", "..\src\ConvertLearnToDocWeb\ConvertLearnToDocWeb.csproj", "{C29D0F25-BBDB-4B00-BFFC-7EC8579C148A}"
EndProject
Project("{9A19103F-16F7-4668-BE54-9A1E7A4F7556}") = "Markdig.Renderer.Docx", "..\lib\Markdig.Renderer.Docx\Markdig.Renderer.Docx.csproj", "{911F9FB9-3308-476F-BA71-E3A1BD63715D}"
EndProject
Project("{9A19103F-16F7-4668-BE54-9A1E7A4F7556}") = "Docx.Renderer.Markdown", "..\lib\Docx.Renderer.Markdown\Docx.Renderer.Markdown.csproj", "{57AB7888-5053-481F-B2E6-0C81BAB7FBF8}"
EndProject
Project("{9A19103F-16F7-4668-BE54-9A1E7A4F7556}") = "GenMarkdown.DocFx.Extensions", "..\lib\GenMarkdown.DocFx.Extensions\GenMarkdown.DocFx.Extensions.csproj", "{9F293264-0EB2-4E23-8959-08728359DEDE}"
EndProject
Project("{9A19103F-16F7-4668-BE54-9A1E7A4F7556}") = "CompareAll", "..\tests\CompareAll\CompareAll.csproj", "{CED2B88D-1CAC-4D28-B1A4-CB2FBD7AACBF}"
EndProject
Project("{2150E333-8FDC-42A3-9474-1A3956D46DE8}") = "Tools", "Tools", "{217F168B-D681-4A01-AA3D-752EE599C31B}"
EndProject
Project("{2150E333-8FDC-42A3-9474-1A3956D46DE8}") = "Libraries", "Libraries", "{9B073F88-A4B3-4F0C-B27A-EE265C12DFD2}"
EndProject
Project("{9A19103F-16F7-4668-BE54-9A1E7A4F7556}") = "ConvertLearnToDoc.AzureFunctions", "..\src\ConvertLearnToDoc.AzureFunctions\ConvertLearnToDoc.AzureFunctions.csproj", "{E0A9B2B6-3495-4CB8-BA42-3AC628E375D4}"
EndProject
Project("{9A19103F-16F7-4668-BE54-9A1E7A4F7556}") = "ConvertLearnToDoc.Tests.Int", "..\tests\ConvertLearnToDoc.Tests.Int\ConvertLearnToDoc.Tests.Int.csproj", "{349C96D2-7E7F-4788-B7F6-C67C035BFF1A}"
EndProject
Project("{2150E333-8FDC-42A3-9474-1A3956D46DE8}") = "Tests", "Tests", "{764304F6-2D73-4E5F-B341-9A2B132F98A7}"
EndProject
Project("{9A19103F-16F7-4668-BE54-9A1E7A4F7556}") = "FileComparisonLib", "..\lib\FileComparisonLib\FileComparisonLib.csproj", "{ED7DF0DC-E09D-415D-8D53-0CD3E99A5AE0}"
EndProject
Project("{9A19103F-16F7-4668-BE54-9A1E7A4F7556}") = "ConvertAll", "..\src\ConvertAll\ConvertAll.csproj", "{444FA991-D6C1-464C-8A8A-49B15AC75B9D}"
EndProject
Project("{9A19103F-16F7-4668-BE54-9A1E7A4F7556}") = "ConvertDocx", "..\src\ConvertDocx\ConvertDocx.csproj", "{09B193D4-4ED7-4A4F-BD65-DB9E7F6CCCF9}"
EndProject
Project("{2150E333-8FDC-42A3-9474-1A3956D46DE8}") = "Blazor", "Blazor", "{03D4137E-D75B-498F-9BAC-F888AB8FC710}"
EndProject
Project("{9A19103F-16F7-4668-BE54-9A1E7A4F7556}") = "ConvertLearnToDoc.Server", "ConvertLearnToDoc\Server\ConvertLearnToDoc.Server.csproj", "{23CC2FD6-C234-41FC-B952-47C5F8AEE34B}"
EndProject
Project("{9A19103F-16F7-4668-BE54-9A1E7A4F7556}") = "ConvertLearnToDoc.Client", "ConvertLearnToDoc\Client\ConvertLearnToDoc.Client.csproj", "{6A289634-7DFA-4C43-B599-E837720F912D}"
EndProject
Project("{9A19103F-16F7-4668-BE54-9A1E7A4F7556}") = "ConvertLearnToDoc.Shared", "ConvertLearnToDoc\Shared\ConvertLearnToDoc.Shared.csproj", "{60CCA012-A46A-4CB3-8F6C-BEDB87712A00}"
EndProject
Project("{9A19103F-16F7-4668-BE54-9A1E7A4F7556}") = "ConvertLearnToDoc.UnitTests", "..\Tests\ConvertLearnToDoc.UnitTests\ConvertLearnToDoc.UnitTests.csproj", "{9C2EEF7C-B1F6-459C-AE09-180923179F68}"
EndProject
Global
	GlobalSection(SolutionConfigurationPlatforms) = preSolution
		Debug|Any CPU = Debug|Any CPU
		Release|Any CPU = Release|Any CPU
	EndGlobalSection
	GlobalSection(ProjectConfigurationPlatforms) = postSolution
		{448F0B25-0590-4626-B96F-0F8478403DE7}.Debug|Any CPU.ActiveCfg = Debug|Any CPU
		{448F0B25-0590-4626-B96F-0F8478403DE7}.Debug|Any CPU.Build.0 = Debug|Any CPU
		{448F0B25-0590-4626-B96F-0F8478403DE7}.Release|Any CPU.ActiveCfg = Release|Any CPU
		{448F0B25-0590-4626-B96F-0F8478403DE7}.Release|Any CPU.Build.0 = Release|Any CPU
		{C29D0F25-BBDB-4B00-BFFC-7EC8579C148A}.Debug|Any CPU.ActiveCfg = Debug|Any CPU
		{C29D0F25-BBDB-4B00-BFFC-7EC8579C148A}.Debug|Any CPU.Build.0 = Debug|Any CPU
		{C29D0F25-BBDB-4B00-BFFC-7EC8579C148A}.Release|Any CPU.ActiveCfg = Release|Any CPU
		{C29D0F25-BBDB-4B00-BFFC-7EC8579C148A}.Release|Any CPU.Build.0 = Release|Any CPU
		{911F9FB9-3308-476F-BA71-E3A1BD63715D}.Debug|Any CPU.ActiveCfg = Debug|Any CPU
		{911F9FB9-3308-476F-BA71-E3A1BD63715D}.Debug|Any CPU.Build.0 = Debug|Any CPU
		{911F9FB9-3308-476F-BA71-E3A1BD63715D}.Release|Any CPU.ActiveCfg = Release|Any CPU
		{911F9FB9-3308-476F-BA71-E3A1BD63715D}.Release|Any CPU.Build.0 = Release|Any CPU
		{57AB7888-5053-481F-B2E6-0C81BAB7FBF8}.Debug|Any CPU.ActiveCfg = Debug|Any CPU
		{57AB7888-5053-481F-B2E6-0C81BAB7FBF8}.Debug|Any CPU.Build.0 = Debug|Any CPU
		{57AB7888-5053-481F-B2E6-0C81BAB7FBF8}.Release|Any CPU.ActiveCfg = Release|Any CPU
		{57AB7888-5053-481F-B2E6-0C81BAB7FBF8}.Release|Any CPU.Build.0 = Release|Any CPU
		{9F293264-0EB2-4E23-8959-08728359DEDE}.Debug|Any CPU.ActiveCfg = Debug|Any CPU
		{9F293264-0EB2-4E23-8959-08728359DEDE}.Debug|Any CPU.Build.0 = Debug|Any CPU
		{9F293264-0EB2-4E23-8959-08728359DEDE}.Release|Any CPU.ActiveCfg = Release|Any CPU
		{9F293264-0EB2-4E23-8959-08728359DEDE}.Release|Any CPU.Build.0 = Release|Any CPU
		{CED2B88D-1CAC-4D28-B1A4-CB2FBD7AACBF}.Debug|Any CPU.ActiveCfg = Debug|Any CPU
		{CED2B88D-1CAC-4D28-B1A4-CB2FBD7AACBF}.Debug|Any CPU.Build.0 = Debug|Any CPU
		{CED2B88D-1CAC-4D28-B1A4-CB2FBD7AACBF}.Release|Any CPU.ActiveCfg = Release|Any CPU
		{CED2B88D-1CAC-4D28-B1A4-CB2FBD7AACBF}.Release|Any CPU.Build.0 = Release|Any CPU
		{E0A9B2B6-3495-4CB8-BA42-3AC628E375D4}.Debug|Any CPU.ActiveCfg = Debug|Any CPU
		{E0A9B2B6-3495-4CB8-BA42-3AC628E375D4}.Debug|Any CPU.Build.0 = Debug|Any CPU
		{E0A9B2B6-3495-4CB8-BA42-3AC628E375D4}.Release|Any CPU.ActiveCfg = Release|Any CPU
		{E0A9B2B6-3495-4CB8-BA42-3AC628E375D4}.Release|Any CPU.Build.0 = Release|Any CPU
		{349C96D2-7E7F-4788-B7F6-C67C035BFF1A}.Debug|Any CPU.ActiveCfg = Debug|Any CPU
		{349C96D2-7E7F-4788-B7F6-C67C035BFF1A}.Debug|Any CPU.Build.0 = Debug|Any CPU
		{349C96D2-7E7F-4788-B7F6-C67C035BFF1A}.Release|Any CPU.ActiveCfg = Release|Any CPU
		{349C96D2-7E7F-4788-B7F6-C67C035BFF1A}.Release|Any CPU.Build.0 = Release|Any CPU
		{ED7DF0DC-E09D-415D-8D53-0CD3E99A5AE0}.Debug|Any CPU.ActiveCfg = Debug|Any CPU
		{ED7DF0DC-E09D-415D-8D53-0CD3E99A5AE0}.Debug|Any CPU.Build.0 = Debug|Any CPU
		{ED7DF0DC-E09D-415D-8D53-0CD3E99A5AE0}.Release|Any CPU.ActiveCfg = Release|Any CPU
		{ED7DF0DC-E09D-415D-8D53-0CD3E99A5AE0}.Release|Any CPU.Build.0 = Release|Any CPU
		{444FA991-D6C1-464C-8A8A-49B15AC75B9D}.Debug|Any CPU.ActiveCfg = Debug|Any CPU
		{444FA991-D6C1-464C-8A8A-49B15AC75B9D}.Debug|Any CPU.Build.0 = Debug|Any CPU
		{444FA991-D6C1-464C-8A8A-49B15AC75B9D}.Release|Any CPU.ActiveCfg = Release|Any CPU
		{444FA991-D6C1-464C-8A8A-49B15AC75B9D}.Release|Any CPU.Build.0 = Release|Any CPU
		{09B193D4-4ED7-4A4F-BD65-DB9E7F6CCCF9}.Debug|Any CPU.ActiveCfg = Debug|Any CPU
		{09B193D4-4ED7-4A4F-BD65-DB9E7F6CCCF9}.Debug|Any CPU.Build.0 = Debug|Any CPU
		{09B193D4-4ED7-4A4F-BD65-DB9E7F6CCCF9}.Release|Any CPU.ActiveCfg = Release|Any CPU
		{09B193D4-4ED7-4A4F-BD65-DB9E7F6CCCF9}.Release|Any CPU.Build.0 = Release|Any CPU
		{23CC2FD6-C234-41FC-B952-47C5F8AEE34B}.Debug|Any CPU.ActiveCfg = Debug|Any CPU
		{23CC2FD6-C234-41FC-B952-47C5F8AEE34B}.Debug|Any CPU.Build.0 = Debug|Any CPU
		{23CC2FD6-C234-41FC-B952-47C5F8AEE34B}.Release|Any CPU.ActiveCfg = Release|Any CPU
		{23CC2FD6-C234-41FC-B952-47C5F8AEE34B}.Release|Any CPU.Build.0 = Release|Any CPU
		{6A289634-7DFA-4C43-B599-E837720F912D}.Debug|Any CPU.ActiveCfg = Debug|Any CPU
		{6A289634-7DFA-4C43-B599-E837720F912D}.Debug|Any CPU.Build.0 = Debug|Any CPU
		{6A289634-7DFA-4C43-B599-E837720F912D}.Release|Any CPU.ActiveCfg = Release|Any CPU
		{6A289634-7DFA-4C43-B599-E837720F912D}.Release|Any CPU.Build.0 = Release|Any CPU
		{60CCA012-A46A-4CB3-8F6C-BEDB87712A00}.Debug|Any CPU.ActiveCfg = Debug|Any CPU
		{60CCA012-A46A-4CB3-8F6C-BEDB87712A00}.Debug|Any CPU.Build.0 = Debug|Any CPU
		{60CCA012-A46A-4CB3-8F6C-BEDB87712A00}.Release|Any CPU.ActiveCfg = Release|Any CPU
		{60CCA012-A46A-4CB3-8F6C-BEDB87712A00}.Release|Any CPU.Build.0 = Release|Any CPU
		{9C2EEF7C-B1F6-459C-AE09-180923179F68}.Debug|Any CPU.ActiveCfg = Debug|Any CPU
		{9C2EEF7C-B1F6-459C-AE09-180923179F68}.Debug|Any CPU.Build.0 = Debug|Any CPU
		{9C2EEF7C-B1F6-459C-AE09-180923179F68}.Release|Any CPU.ActiveCfg = Release|Any CPU
		{9C2EEF7C-B1F6-459C-AE09-180923179F68}.Release|Any CPU.Build.0 = Release|Any CPU
	EndGlobalSection
	GlobalSection(SolutionProperties) = preSolution
		HideSolutionNode = FALSE
	EndGlobalSection
	GlobalSection(NestedProjects) = preSolution
		{448F0B25-0590-4626-B96F-0F8478403DE7} = {9B073F88-A4B3-4F0C-B27A-EE265C12DFD2}
		{C29D0F25-BBDB-4B00-BFFC-7EC8579C148A} = {217F168B-D681-4A01-AA3D-752EE599C31B}
		{911F9FB9-3308-476F-BA71-E3A1BD63715D} = {9B073F88-A4B3-4F0C-B27A-EE265C12DFD2}
		{57AB7888-5053-481F-B2E6-0C81BAB7FBF8} = {9B073F88-A4B3-4F0C-B27A-EE265C12DFD2}
		{9F293264-0EB2-4E23-8959-08728359DEDE} = {9B073F88-A4B3-4F0C-B27A-EE265C12DFD2}
		{CED2B88D-1CAC-4D28-B1A4-CB2FBD7AACBF} = {764304F6-2D73-4E5F-B341-9A2B132F98A7}
		{E0A9B2B6-3495-4CB8-BA42-3AC628E375D4} = {217F168B-D681-4A01-AA3D-752EE599C31B}
		{349C96D2-7E7F-4788-B7F6-C67C035BFF1A} = {764304F6-2D73-4E5F-B341-9A2B132F98A7}
		{ED7DF0DC-E09D-415D-8D53-0CD3E99A5AE0} = {9B073F88-A4B3-4F0C-B27A-EE265C12DFD2}
		{444FA991-D6C1-464C-8A8A-49B15AC75B9D} = {217F168B-D681-4A01-AA3D-752EE599C31B}
		{09B193D4-4ED7-4A4F-BD65-DB9E7F6CCCF9} = {217F168B-D681-4A01-AA3D-752EE599C31B}
		{23CC2FD6-C234-41FC-B952-47C5F8AEE34B} = {03D4137E-D75B-498F-9BAC-F888AB8FC710}
		{6A289634-7DFA-4C43-B599-E837720F912D} = {03D4137E-D75B-498F-9BAC-F888AB8FC710}
		{60CCA012-A46A-4CB3-8F6C-BEDB87712A00} = {03D4137E-D75B-498F-9BAC-F888AB8FC710}
		{9C2EEF7C-B1F6-459C-AE09-180923179F68} = {764304F6-2D73-4E5F-B341-9A2B132F98A7}
	EndGlobalSection
	GlobalSection(ExtensibilityGlobals) = postSolution
		SolutionGuid = {6BABCC68-20CA-4717-9E38-F209B49935BD}
	EndGlobalSection
EndGlobal
